// !$*UTF8*$!
{
	archiveVersion = 1;
	classes = {
	};
	objectVersion = 55;
	objects = {

/* Begin PBXBuildFile section */
		35D09B7927C4B09749A2903C /* Pods_ProyectoIntegrador1.framework in Frameworks */ = {isa = PBXBuildFile; fileRef = 024DB4094EE9C4C711111FFE /* Pods_ProyectoIntegrador1.framework */; };
		EE478D5C2CDBEE9D00A91A18 /* AppDelegate.swift in Sources */ = {isa = PBXBuildFile; fileRef = EE478D5B2CDBEE9D00A91A18 /* AppDelegate.swift */; };
		EE478D5E2CDBEE9D00A91A18 /* SceneDelegate.swift in Sources */ = {isa = PBXBuildFile; fileRef = EE478D5D2CDBEE9D00A91A18 /* SceneDelegate.swift */; };
		EE478D602CDBEE9D00A91A18 /* ViewController.swift in Sources */ = {isa = PBXBuildFile; fileRef = EE478D5F2CDBEE9D00A91A18 /* ViewController.swift */; };
		EE478D632CDBEE9D00A91A18 /* Main.storyboard in Resources */ = {isa = PBXBuildFile; fileRef = EE478D612CDBEE9D00A91A18 /* Main.storyboard */; };
		EE478D652CDBEE9E00A91A18 /* Assets.xcassets in Resources */ = {isa = PBXBuildFile; fileRef = EE478D642CDBEE9E00A91A18 /* Assets.xcassets */; };
		EE478D682CDBEE9E00A91A18 /* LaunchScreen.storyboard in Resources */ = {isa = PBXBuildFile; fileRef = EE478D662CDBEE9E00A91A18 /* LaunchScreen.storyboard */; };
		EE478D712CDBF0AC00A91A18 /* FirebaseAnalytics in Frameworks */ = {isa = PBXBuildFile; productRef = EE478D702CDBF0AC00A91A18 /* FirebaseAnalytics */; };
		EE478D732CDBF0AC00A91A18 /* FirebaseAnalyticsOnDeviceConversion in Frameworks */ = {isa = PBXBuildFile; productRef = EE478D722CDBF0AC00A91A18 /* FirebaseAnalyticsOnDeviceConversion */; };
		EE478D752CDBF0AC00A91A18 /* FirebaseAnalyticsWithoutAdIdSupport in Frameworks */ = {isa = PBXBuildFile; productRef = EE478D742CDBF0AC00A91A18 /* FirebaseAnalyticsWithoutAdIdSupport */; };
		EE478D772CDBF0AC00A91A18 /* FirebaseAppCheck in Frameworks */ = {isa = PBXBuildFile; productRef = EE478D762CDBF0AC00A91A18 /* FirebaseAppCheck */; };
		EE478D792CDBF0AC00A91A18 /* FirebaseAppDistribution-Beta in Frameworks */ = {isa = PBXBuildFile; productRef = EE478D782CDBF0AC00A91A18 /* FirebaseAppDistribution-Beta */; };
		EE478D7B2CDBF0AC00A91A18 /* FirebaseAuth in Frameworks */ = {isa = PBXBuildFile; productRef = EE478D7A2CDBF0AC00A91A18 /* FirebaseAuth */; };
		EE478D7D2CDBF0AC00A91A18 /* FirebaseDatabase in Frameworks */ = {isa = PBXBuildFile; productRef = EE478D7C2CDBF0AC00A91A18 /* FirebaseDatabase */; };
		EE478D7F2CDBF0AC00A91A18 /* FirebaseStorage in Frameworks */ = {isa = PBXBuildFile; productRef = EE478D7E2CDBF0AC00A91A18 /* FirebaseStorage */; };
		EE478D832CDC044E00A91A18 /* GoogleService-Info.plist in Resources */ = {isa = PBXBuildFile; fileRef = EE478D822CDC044E00A91A18 /* GoogleService-Info.plist */; };
/* End PBXBuildFile section */

/* Begin PBXFileReference section */
		024DB4094EE9C4C711111FFE /* Pods_ProyectoIntegrador1.framework */ = {isa = PBXFileReference; explicitFileType = wrapper.framework; includeInIndex = 0; path = Pods_ProyectoIntegrador1.framework; sourceTree = BUILT_PRODUCTS_DIR; };
		2AA7062D432735720EB14BFC /* Pods-ProyectoIntegrador1.debug.xcconfig */ = {isa = PBXFileReference; includeInIndex = 1; lastKnownFileType = text.xcconfig; name = "Pods-ProyectoIntegrador1.debug.xcconfig"; path = "Target Support Files/Pods-ProyectoIntegrador1/Pods-ProyectoIntegrador1.debug.xcconfig"; sourceTree = "<group>"; };
		81F3807EE38053FE2E9F5D03 /* Pods-ProyectoIntegrador1.release.xcconfig */ = {isa = PBXFileReference; includeInIndex = 1; lastKnownFileType = text.xcconfig; name = "Pods-ProyectoIntegrador1.release.xcconfig"; path = "Target Support Files/Pods-ProyectoIntegrador1/Pods-ProyectoIntegrador1.release.xcconfig"; sourceTree = "<group>"; };
		EE478D582CDBEE9D00A91A18 /* ProyectoIntegrador1.app */ = {isa = PBXFileReference; explicitFileType = wrapper.application; includeInIndex = 0; path = ProyectoIntegrador1.app; sourceTree = BUILT_PRODUCTS_DIR; };
		EE478D5B2CDBEE9D00A91A18 /* AppDelegate.swift */ = {isa = PBXFileReference; lastKnownFileType = sourcecode.swift; path = AppDelegate.swift; sourceTree = "<group>"; };
		EE478D5D2CDBEE9D00A91A18 /* SceneDelegate.swift */ = {isa = PBXFileReference; lastKnownFileType = sourcecode.swift; path = SceneDelegate.swift; sourceTree = "<group>"; };
		EE478D5F2CDBEE9D00A91A18 /* ViewController.swift */ = {isa = PBXFileReference; lastKnownFileType = sourcecode.swift; path = ViewController.swift; sourceTree = "<group>"; };
		EE478D622CDBEE9D00A91A18 /* Base */ = {isa = PBXFileReference; lastKnownFileType = file.storyboard; name = Base; path = Base.lproj/Main.storyboard; sourceTree = "<group>"; };
		EE478D642CDBEE9E00A91A18 /* Assets.xcassets */ = {isa = PBXFileReference; lastKnownFileType = folder.assetcatalog; path = Assets.xcassets; sourceTree = "<group>"; };
		EE478D672CDBEE9E00A91A18 /* Base */ = {isa = PBXFileReference; lastKnownFileType = file.storyboard; name = Base; path = Base.lproj/LaunchScreen.storyboard; sourceTree = "<group>"; };
		EE478D692CDBEE9E00A91A18 /* Info.plist */ = {isa = PBXFileReference; lastKnownFileType = text.plist.xml; path = Info.plist; sourceTree = "<group>"; };
		EE478D822CDC044E00A91A18 /* GoogleService-Info.plist */ = {isa = PBXFileReference; fileEncoding = 4; lastKnownFileType = text.plist.xml; path = "GoogleService-Info.plist"; sourceTree = "<group>"; };
/* End PBXFileReference section */

/* Begin PBXFrameworksBuildPhase section */
		EE478D552CDBEE9D00A91A18 /* Frameworks */ = {
			isa = PBXFrameworksBuildPhase;
			buildActionMask = 2147483647;
			files = (
				EE478D772CDBF0AC00A91A18 /* FirebaseAppCheck in Frameworks */,
				EE478D7B2CDBF0AC00A91A18 /* FirebaseAuth in Frameworks */,
				EE478D712CDBF0AC00A91A18 /* FirebaseAnalytics in Frameworks */,
				EE478D792CDBF0AC00A91A18 /* FirebaseAppDistribution-Beta in Frameworks */,
				EE478D752CDBF0AC00A91A18 /* FirebaseAnalyticsWithoutAdIdSupport in Frameworks */,
				EE478D7F2CDBF0AC00A91A18 /* FirebaseStorage in Frameworks */,
				EE478D7D2CDBF0AC00A91A18 /* FirebaseDatabase in Frameworks */,
				EE478D732CDBF0AC00A91A18 /* FirebaseAnalyticsOnDeviceConversion in Frameworks */,
				35D09B7927C4B09749A2903C /* Pods_ProyectoIntegrador1.framework in Frameworks */,
			);
			runOnlyForDeploymentPostprocessing = 0;
		};
/* End PBXFrameworksBuildPhase section */

/* Begin PBXGroup section */
		8544C95A4F99E0C28DB08F79 /* Frameworks */ = {
			isa = PBXGroup;
			children = (
				024DB4094EE9C4C711111FFE /* Pods_ProyectoIntegrador1.framework */,
			);
			name = Frameworks;
			sourceTree = "<group>";
		};
		9B9447D1406309912C716838 /* Pods */ = {
			isa = PBXGroup;
			children = (
				2AA7062D432735720EB14BFC /* Pods-ProyectoIntegrador1.debug.xcconfig */,
				81F3807EE38053FE2E9F5D03 /* Pods-ProyectoIntegrador1.release.xcconfig */,
			);
			path = Pods;
			sourceTree = "<group>";
		};
		EE478D4F2CDBEE9D00A91A18 = {
			isa = PBXGroup;
			children = (
				EE478D5A2CDBEE9D00A91A18 /* ProyectoIntegrador1 */,
				EE478D592CDBEE9D00A91A18 /* Products */,
				9B9447D1406309912C716838 /* Pods */,
				8544C95A4F99E0C28DB08F79 /* Frameworks */,
			);
			sourceTree = "<group>";
		};
		EE478D592CDBEE9D00A91A18 /* Products */ = {
			isa = PBXGroup;
			children = (
				EE478D582CDBEE9D00A91A18 /* ProyectoIntegrador1.app */,
			);
			name = Products;
			sourceTree = "<group>";
		};
		EE478D5A2CDBEE9D00A91A18 /* ProyectoIntegrador1 */ = {
			isa = PBXGroup;
			children = (
				EE478D5B2CDBEE9D00A91A18 /* AppDelegate.swift */,
				EE478D5D2CDBEE9D00A91A18 /* SceneDelegate.swift */,
				EE478D822CDC044E00A91A18 /* GoogleService-Info.plist */,
				EE478D5F2CDBEE9D00A91A18 /* ViewController.swift */,
				EE478D612CDBEE9D00A91A18 /* Main.storyboard */,
				EE478D642CDBEE9E00A91A18 /* Assets.xcassets */,
				EE478D662CDBEE9E00A91A18 /* LaunchScreen.storyboard */,
				EE478D692CDBEE9E00A91A18 /* Info.plist */,
			);
			path = ProyectoIntegrador1;
			sourceTree = "<group>";
		};
/* End PBXGroup section */

/* Begin PBXNativeTarget section */
		EE478D572CDBEE9D00A91A18 /* ProyectoIntegrador1 */ = {
			isa = PBXNativeTarget;
			buildConfigurationList = EE478D6C2CDBEE9E00A91A18 /* Build configuration list for PBXNativeTarget "ProyectoIntegrador1" */;
			buildPhases = (
				5A6924EA977E02867006D89B /* [CP] Check Pods Manifest.lock */,
				EE478D542CDBEE9D00A91A18 /* Sources */,
				EE478D552CDBEE9D00A91A18 /* Frameworks */,
				EE478D562CDBEE9D00A91A18 /* Resources */,
				ABFE1694C1776C91F6C62983 /* [CP] Embed Pods Frameworks */,
			);
			buildRules = (
			);
			dependencies = (
			);
			name = ProyectoIntegrador1;
			packageProductDependencies = (
				EE478D702CDBF0AC00A91A18 /* FirebaseAnalytics */,
				EE478D722CDBF0AC00A91A18 /* FirebaseAnalyticsOnDeviceConversion */,
				EE478D742CDBF0AC00A91A18 /* FirebaseAnalyticsWithoutAdIdSupport */,
				EE478D762CDBF0AC00A91A18 /* FirebaseAppCheck */,
				EE478D782CDBF0AC00A91A18 /* FirebaseAppDistribution-Beta */,
				EE478D7A2CDBF0AC00A91A18 /* FirebaseAuth */,
				EE478D7C2CDBF0AC00A91A18 /* FirebaseDatabase */,
				EE478D7E2CDBF0AC00A91A18 /* FirebaseStorage */,
			);
			productName = ProyectoIntegrador1;
			productReference = EE478D582CDBEE9D00A91A18 /* ProyectoIntegrador1.app */;
			productType = "com.apple.product-type.application";
		};
/* End PBXNativeTarget section */

/* Begin PBXProject section */
		EE478D502CDBEE9D00A91A18 /* Project object */ = {
			isa = PBXProject;
			attributes = {
				BuildIndependentTargetsInParallel = 1;
				LastSwiftUpdateCheck = 1330;
				LastUpgradeCheck = 1330;
				TargetAttributes = {
					EE478D572CDBEE9D00A91A18 = {
						CreatedOnToolsVersion = 13.3.1;
					};
				};
			};
			buildConfigurationList = EE478D532CDBEE9D00A91A18 /* Build configuration list for PBXProject "ProyectoIntegrador1" */;
			compatibilityVersion = "Xcode 13.0";
			developmentRegion = en;
			hasScannedForEncodings = 0;
			knownRegions = (
				en,
				Base,
			);
			mainGroup = EE478D4F2CDBEE9D00A91A18;
			packageReferences = (
				EE478D6F2CDBF0AC00A91A18 /* XCRemoteSwiftPackageReference "firebase-ios-sdk" */,
			);
			productRefGroup = EE478D592CDBEE9D00A91A18 /* Products */;
			projectDirPath = "";
			projectRoot = "";
			targets = (
				EE478D572CDBEE9D00A91A18 /* ProyectoIntegrador1 */,
			);
		};
/* End PBXProject section */

/* Begin PBXResourcesBuildPhase section */
		EE478D562CDBEE9D00A91A18 /* Resources */ = {
			isa = PBXResourcesBuildPhase;
			buildActionMask = 2147483647;
			files = (
				EE478D682CDBEE9E00A91A18 /* LaunchScreen.storyboard in Resources */,
				EE478D832CDC044E00A91A18 /* GoogleService-Info.plist in Resources */,
				EE478D652CDBEE9E00A91A18 /* Assets.xcassets in Resources */,
				EE478D632CDBEE9D00A91A18 /* Main.storyboard in Resources */,
			);
			runOnlyForDeploymentPostprocessing = 0;
		};
/* End PBXResourcesBuildPhase section */

/* Begin PBXShellScriptBuildPhase section */
		5A6924EA977E02867006D89B /* [CP] Check Pods Manifest.lock */ = {
			isa = PBXShellScriptBuildPhase;
			buildActionMask = 2147483647;
			files = (
			);
			inputFileListPaths = (
			);
			inputPaths = (
				"${PODS_PODFILE_DIR_PATH}/Podfile.lock",
				"${PODS_ROOT}/Manifest.lock",
			);
			name = "[CP] Check Pods Manifest.lock";
			outputFileListPaths = (
			);
			outputPaths = (
				"$(DERIVED_FILE_DIR)/Pods-ProyectoIntegrador1-checkManifestLockResult.txt",
			);
			runOnlyForDeploymentPostprocessing = 0;
			shellPath = /bin/sh;
			shellScript = "diff \"${PODS_PODFILE_DIR_PATH}/Podfile.lock\" \"${PODS_ROOT}/Manifest.lock\" > /dev/null\nif [ $? != 0 ] ; then\n    # print error to STDERR\n    echo \"error: The sandbox is not in sync with the Podfile.lock. Run 'pod install' or update your CocoaPods installation.\" >&2\n    exit 1\nfi\n# This output is used by Xcode 'outputs' to avoid re-running this script phase.\necho \"SUCCESS\" > \"${SCRIPT_OUTPUT_FILE_0}\"\n";
			showEnvVarsInLog = 0;
		};
		ABFE1694C1776C91F6C62983 /* [CP] Embed Pods Frameworks */ = {
			isa = PBXShellScriptBuildPhase;
			buildActionMask = 2147483647;
			files = (
			);
			inputFileListPaths = (
				"${PODS_ROOT}/Target Support Files/Pods-ProyectoIntegrador1/Pods-ProyectoIntegrador1-frameworks-${CONFIGURATION}-input-files.xcfilelist",
			);
			name = "[CP] Embed Pods Frameworks";
			outputFileListPaths = (
				"${PODS_ROOT}/Target Support Files/Pods-ProyectoIntegrador1/Pods-ProyectoIntegrador1-frameworks-${CONFIGURATION}-output-files.xcfilelist",
			);
			runOnlyForDeploymentPostprocessing = 0;
			shellPath = /bin/sh;
			shellScript = "\"${PODS_ROOT}/Target Support Files/Pods-ProyectoIntegrador1/Pods-ProyectoIntegrador1-frameworks.sh\"\n";
			showEnvVarsInLog = 0;
		};
/* End PBXShellScriptBuildPhase section */

/* Begin PBXSourcesBuildPhase section */
		EE478D542CDBEE9D00A91A18 /* Sources */ = {
			isa = PBXSourcesBuildPhase;
			buildActionMask = 2147483647;
			files = (
				EE478D602CDBEE9D00A91A18 /* ViewController.swift in Sources */,
				EE478D5C2CDBEE9D00A91A18 /* AppDelegate.swift in Sources */,
				EE478D5E2CDBEE9D00A91A18 /* SceneDelegate.swift in Sources */,
			);
			runOnlyForDeploymentPostprocessing = 0;
		};
/* End PBXSourcesBuildPhase section */

/* Begin PBXVariantGroup section */
		EE478D612CDBEE9D00A91A18 /* Main.storyboard */ = {
			isa = PBXVariantGroup;
			children = (
				EE478D622CDBEE9D00A91A18 /* Base */,
			);
			name = Main.storyboard;
			sourceTree = "<group>";
		};
		EE478D662CDBEE9E00A91A18 /* LaunchScreen.storyboard */ = {
			isa = PBXVariantGroup;
			children = (
				EE478D672CDBEE9E00A91A18 /* Base */,
			);
			name = LaunchScreen.storyboard;
			sourceTree = "<group>";
		};
/* End PBXVariantGroup section */

/* Begin XCBuildConfiguration section */
		EE478D6A2CDBEE9E00A91A18 /* Debug */ = {
			isa = XCBuildConfiguration;
			buildSettings = {
				ALWAYS_SEARCH_USER_PATHS = NO;
				CLANG_ANALYZER_NONNULL = YES;
				CLANG_ANALYZER_NUMBER_OBJECT_CONVERSION = YES_AGGRESSIVE;
				CLANG_CXX_LANGUAGE_STANDARD = "gnu++17";
				CLANG_ENABLE_MODULES = YES;
				CLANG_ENABLE_OBJC_ARC = YES;
				CLANG_ENABLE_OBJC_WEAK = YES;
				CLANG_WARN_BLOCK_CAPTURE_AUTORELEASING = YES;
				CLANG_WARN_BOOL_CONVERSION = YES;
				CLANG_WARN_COMMA = YES;
				CLANG_WARN_CONSTANT_CONVERSION = YES;
				CLANG_WARN_DEPRECATED_OBJC_IMPLEMENTATIONS = YES;
				CLANG_WARN_DIRECT_OBJC_ISA_USAGE = YES_ERROR;
				CLANG_WARN_DOCUMENTATION_COMMENTS = YES;
				CLANG_WARN_EMPTY_BODY = YES;
				CLANG_WARN_ENUM_CONVERSION = YES;
				CLANG_WARN_INFINITE_RECURSION = YES;
				CLANG_WARN_INT_CONVERSION = YES;
				CLANG_WARN_NON_LITERAL_NULL_CONVERSION = YES;
				CLANG_WARN_OBJC_IMPLICIT_RETAIN_SELF = YES;
				CLANG_WARN_OBJC_LITERAL_CONVERSION = YES;
				CLANG_WARN_OBJC_ROOT_CLASS = YES_ERROR;
				CLANG_WARN_QUOTED_INCLUDE_IN_FRAMEWORK_HEADER = YES;
				CLANG_WARN_RANGE_LOOP_ANALYSIS = YES;
				CLANG_WARN_STRICT_PROTOTYPES = YES;
				CLANG_WARN_SUSPICIOUS_MOVE = YES;
				CLANG_WARN_UNGUARDED_AVAILABILITY = YES_AGGRESSIVE;
				CLANG_WARN_UNREACHABLE_CODE = YES;
				CLANG_WARN__DUPLICATE_METHOD_MATCH = YES;
				COPY_PHASE_STRIP = NO;
				DEBUG_INFORMATION_FORMAT = dwarf;
				ENABLE_STRICT_OBJC_MSGSEND = YES;
				ENABLE_TESTABILITY = YES;
				GCC_C_LANGUAGE_STANDARD = gnu11;
				GCC_DYNAMIC_NO_PIC = NO;
				GCC_NO_COMMON_BLOCKS = YES;
				GCC_OPTIMIZATION_LEVEL = 0;
				GCC_PREPROCESSOR_DEFINITIONS = (
					"DEBUG=1",
					"$(inherited)",
				);
				GCC_WARN_64_TO_32_BIT_CONVERSION = YES;
				GCC_WARN_ABOUT_RETURN_TYPE = YES_ERROR;
				GCC_WARN_UNDECLARED_SELECTOR = YES;
				GCC_WARN_UNINITIALIZED_AUTOS = YES_AGGRESSIVE;
				GCC_WARN_UNUSED_FUNCTION = YES;
				GCC_WARN_UNUSED_VARIABLE = YES;
				IPHONEOS_DEPLOYMENT_TARGET = 15.4;
				MTL_ENABLE_DEBUG_INFO = INCLUDE_SOURCE;
				MTL_FAST_MATH = YES;
				ONLY_ACTIVE_ARCH = YES;
				SDKROOT = iphoneos;
				SWIFT_ACTIVE_COMPILATION_CONDITIONS = DEBUG;
				SWIFT_OPTIMIZATION_LEVEL = "-Onone";
			};
			name = Debug;
		};
		EE478D6B2CDBEE9E00A91A18 /* Release */ = {
			isa = XCBuildConfiguration;
			buildSettings = {
				ALWAYS_SEARCH_USER_PATHS = NO;
				CLANG_ANALYZER_NONNULL = YES;
				CLANG_ANALYZER_NUMBER_OBJECT_CONVERSION = YES_AGGRESSIVE;
				CLANG_CXX_LANGUAGE_STANDARD = "gnu++17";
				CLANG_ENABLE_MODULES = YES;
				CLANG_ENABLE_OBJC_ARC = YES;
				CLANG_ENABLE_OBJC_WEAK = YES;
				CLANG_WARN_BLOCK_CAPTURE_AUTORELEASING = YES;
				CLANG_WARN_BOOL_CONVERSION = YES;
				CLANG_WARN_COMMA = YES;
				CLANG_WARN_CONSTANT_CONVERSION = YES;
				CLANG_WARN_DEPRECATED_OBJC_IMPLEMENTATIONS = YES;
				CLANG_WARN_DIRECT_OBJC_ISA_USAGE = YES_ERROR;
				CLANG_WARN_DOCUMENTATION_COMMENTS = YES;
				CLANG_WARN_EMPTY_BODY = YES;
				CLANG_WARN_ENUM_CONVERSION = YES;
				CLANG_WARN_INFINITE_RECURSION = YES;
				CLANG_WARN_INT_CONVERSION = YES;
				CLANG_WARN_NON_LITERAL_NULL_CONVERSION = YES;
				CLANG_WARN_OBJC_IMPLICIT_RETAIN_SELF = YES;
				CLANG_WARN_OBJC_LITERAL_CONVERSION = YES;
				CLANG_WARN_OBJC_ROOT_CLASS = YES_ERROR;
				CLANG_WARN_QUOTED_INCLUDE_IN_FRAMEWORK_HEADER = YES;
				CLANG_WARN_RANGE_LOOP_ANALYSIS = YES;
				CLANG_WARN_STRICT_PROTOTYPES = YES;
				CLANG_WARN_SUSPICIOUS_MOVE = YES;
				CLANG_WARN_UNGUARDED_AVAILABILITY = YES_AGGRESSIVE;
				CLANG_WARN_UNREACHABLE_CODE = YES;
				CLANG_WARN__DUPLICATE_METHOD_MATCH = YES;
				COPY_PHASE_STRIP = NO;
				DEBUG_INFORMATION_FORMAT = "dwarf-with-dsym";
				ENABLE_NS_ASSERTIONS = NO;
				ENABLE_STRICT_OBJC_MSGSEND = YES;
				GCC_C_LANGUAGE_STANDARD = gnu11;
				GCC_NO_COMMON_BLOCKS = YES;
				GCC_WARN_64_TO_32_BIT_CONVERSION = YES;
				GCC_WARN_ABOUT_RETURN_TYPE = YES_ERROR;
				GCC_WARN_UNDECLARED_SELECTOR = YES;
				GCC_WARN_UNINITIALIZED_AUTOS = YES_AGGRESSIVE;
				GCC_WARN_UNUSED_FUNCTION = YES;
				GCC_WARN_UNUSED_VARIABLE = YES;
				IPHONEOS_DEPLOYMENT_TARGET = 15.4;
				MTL_ENABLE_DEBUG_INFO = NO;
				MTL_FAST_MATH = YES;
				SDKROOT = iphoneos;
				SWIFT_COMPILATION_MODE = wholemodule;
				SWIFT_OPTIMIZATION_LEVEL = "-O";
				VALIDATE_PRODUCT = YES;
			};
			name = Release;
		};
		EE478D6D2CDBEE9E00A91A18 /* Debug */ = {
			isa = XCBuildConfiguration;
			baseConfigurationReference = 2AA7062D432735720EB14BFC /* Pods-ProyectoIntegrador1.debug.xcconfig */;
			buildSettings = {
				ASSETCATALOG_COMPILER_APPICON_NAME = AppIcon;
				ASSETCATALOG_COMPILER_GLOBAL_ACCENT_COLOR_NAME = AccentColor;
				CODE_SIGN_STYLE = Automatic;
				CURRENT_PROJECT_VERSION = 1;
				GENERATE_INFOPLIST_FILE = YES;
				INFOPLIST_FILE = ProyectoIntegrador1/Info.plist;
				INFOPLIST_KEY_UIApplicationSupportsIndirectInputEvents = YES;
				INFOPLIST_KEY_UILaunchStoryboardName = LaunchScreen;
				INFOPLIST_KEY_UIMainStoryboardFile = Main;
				INFOPLIST_KEY_UISupportedInterfaceOrientations_iPad = "UIInterfaceOrientationPortrait UIInterfaceOrientationPortraitUpsideDown UIInterfaceOrientationLandscapeLeft UIInterfaceOrientationLandscapeRight";
				INFOPLIST_KEY_UISupportedInterfaceOrientations_iPhone = "UIInterfaceOrientationPortrait UIInterfaceOrientationLandscapeLeft UIInterfaceOrientationLandscapeRight";
				LD_RUNPATH_SEARCH_PATHS = (
					"$(inherited)",
					"@executable_path/Frameworks",
				);
				MARKETING_VERSION = 1.0;
				PRODUCT_BUNDLE_IDENTIFIER = miempresa.ProyectoIntegrador1;
				PRODUCT_NAME = "$(TARGET_NAME)";
				SWIFT_EMIT_LOC_STRINGS = YES;
				SWIFT_VERSION = 5.0;
				TARGETED_DEVICE_FAMILY = "1,2";
			};
			name = Debug;
		};
		EE478D6E2CDBEE9E00A91A18 /* Release */ = {
			isa = XCBuildConfiguration;
			baseConfigurationReference = 81F3807EE38053FE2E9F5D03 /* Pods-ProyectoIntegrador1.release.xcconfig */;
			buildSettings = {
				ASSETCATALOG_COMPILER_APPICON_NAME = AppIcon;
				ASSETCATALOG_COMPILER_GLOBAL_ACCENT_COLOR_NAME = AccentColor;
				CODE_SIGN_STYLE = Automatic;
				CURRENT_PROJECT_VERSION = 1;
				GENERATE_INFOPLIST_FILE = YES;
				INFOPLIST_FILE = ProyectoIntegrador1/Info.plist;
				INFOPLIST_KEY_UIApplicationSupportsIndirectInputEvents = YES;
				INFOPLIST_KEY_UILaunchStoryboardName = LaunchScreen;
				INFOPLIST_KEY_UIMainStoryboardFile = Main;
				INFOPLIST_KEY_UISupportedInterfaceOrientations_iPad = "UIInterfaceOrientationPortrait UIInterfaceOrientationPortraitUpsideDown UIInterfaceOrientationLandscapeLeft UIInterfaceOrientationLandscapeRight";
				INFOPLIST_KEY_UISupportedInterfaceOrientations_iPhone = "UIInterfaceOrientationPortrait UIInterfaceOrientationLandscapeLeft UIInterfaceOrientationLandscapeRight";
				LD_RUNPATH_SEARCH_PATHS = (
					"$(inherited)",
					"@executable_path/Frameworks",
				);
				MARKETING_VERSION = 1.0;
				PRODUCT_BUNDLE_IDENTIFIER = miempresa.ProyectoIntegrador1;
				PRODUCT_NAME = "$(TARGET_NAME)";
				SWIFT_EMIT_LOC_STRINGS = YES;
				SWIFT_VERSION = 5.0;
				TARGETED_DEVICE_FAMILY = "1,2";
			};
			name = Release;
		};
/* End XCBuildConfiguration section */

/* Begin XCConfigurationList section */
		EE478D532CDBEE9D00A91A18 /* Build configuration list for PBXProject "ProyectoIntegrador1" */ = {
			isa = XCConfigurationList;
			buildConfigurations = (
				EE478D6A2CDBEE9E00A91A18 /* Debug */,
				EE478D6B2CDBEE9E00A91A18 /* Release */,
			);
			defaultConfigurationIsVisible = 0;
			defaultConfigurationName = Release;
		};
		EE478D6C2CDBEE9E00A91A18 /* Build configuration list for PBXNativeTarget "ProyectoIntegrador1" */ = {
			isa = XCConfigurationList;
			buildConfigurations = (
				EE478D6D2CDBEE9E00A91A18 /* Debug */,
				EE478D6E2CDBEE9E00A91A18 /* Release */,
			);
			defaultConfigurationIsVisible = 0;
			defaultConfigurationName = Release;
		};
/* End XCConfigurationList section */

/* Begin XCRemoteSwiftPackageReference section */
		EE478D6F2CDBF0AC00A91A18 /* XCRemoteSwiftPackageReference "firebase-ios-sdk" */ = {
			isa = XCRemoteSwiftPackageReference;
			repositoryURL = "https://github.com/firebase/firebase-ios-sdk";
			requirement = {
				kind = versionRange;
				maximumVersion = 10.0.0;
				minimumVersion = 9.0.0;
			};
		};
/* End XCRemoteSwiftPackageReference section */

/* Begin XCSwiftPackageProductDependency section */
		EE478D702CDBF0AC00A91A18 /* FirebaseAnalytics */ = {
			isa = XCSwiftPackageProductDependency;
			package = EE478D6F2CDBF0AC00A91A18 /* XCRemoteSwiftPackageReference "firebase-ios-sdk" */;
			productName = FirebaseAnalytics;
		};
		EE478D722CDBF0AC00A91A18 /* FirebaseAnalyticsOnDeviceConversion */ = {
			isa = XCSwiftPackageProductDependency;
			package = EE478D6F2CDBF0AC00A91A18 /* XCRemoteSwiftPackageReference "firebase-ios-sdk" */;
			productName = FirebaseAnalyticsOnDeviceConversion;
		};
		EE478D742CDBF0AC00A91A18 /* FirebaseAnalyticsWithoutAdIdSupport */ = {
			isa = XCSwiftPackageProductDependency;
			package = EE478D6F2CDBF0AC00A91A18 /* XCRemoteSwiftPackageReference "firebase-ios-sdk" */;
			productName = FirebaseAnalyticsWithoutAdIdSupport;
		};
		EE478D762CDBF0AC00A91A18 /* FirebaseAppCheck */ = {
			isa = XCSwiftPackageProductDependency;
			package = EE478D6F2CDBF0AC00A91A18 /* XCRemoteSwiftPackageReference "firebase-ios-sdk" */;
			productName = FirebaseAppCheck;
		};
		EE478D782CDBF0AC00A91A18 /* FirebaseAppDistribution-Beta */ = {
			isa = XCSwiftPackageProductDependency;
			package = EE478D6F2CDBF0AC00A91A18 /* XCRemoteSwiftPackageReference "firebase-ios-sdk" */;
			productName = "FirebaseAppDistribution-Beta";
		};
		EE478D7A2CDBF0AC00A91A18 /* FirebaseAuth */ = {
			isa = XCSwiftPackageProductDependency;
			package = EE478D6F2CDBF0AC00A91A18 /* XCRemoteSwiftPackageReference "firebase-ios-sdk" */;
			productName = FirebaseAuth;
		};
		EE478D7C2CDBF0AC00A91A18 /* FirebaseDatabase */ = {
			isa = XCSwiftPackageProductDependency;
			package = EE478D6F2CDBF0AC00A91A18 /* XCRemoteSwiftPackageReference "firebase-ios-sdk" */;
			productName = FirebaseDatabase;
		};
		EE478D7E2CDBF0AC00A91A18 /* FirebaseStorage */ = {
			isa = XCSwiftPackageProductDependency;
			package = EE478D6F2CDBF0AC00A91A18 /* XCRemoteSwiftPackageReference "firebase-ios-sdk" */;
			productName = FirebaseStorage;
		};
/* End XCSwiftPackageProductDependency section */
	};
	rootObject = EE478D502CDBEE9D00A91A18 /* Project object */;
}
